
Microsoft Visual Studio Solution File, Format Version 12.00
# Visual Studio 14
VisualStudioVersion = 14.0.24720.0
MinimumVisualStudioVersion = 10.0.40219.1
Project("{FAE04EC0-301F-11D3-BF4B-00C04F79EFBC}") = "VPNBuddy", "VPNBuddy\VPNBuddy.csproj", "{34500891-4DD7-4B51-8BB1-17E583040B6B}"
EndProject
Global
	GlobalSection(SolutionConfigurationPlatforms) = preSolution
		Debug|Any CPU = Debug|Any CPU
		Release|Any CPU = Release|Any CPU
	EndGlobalSection
	GlobalSection(ProjectConfigurationPlatforms) = postSolution
		{34500891-4DD7-4B51-8BB1-17E583040B6B}.Debug|Any CPU.ActiveCfg = Debug|Any CPU
		{34500891-4DD7-4B51-8BB1-17E583040B6B}.Debug|Any CPU.Build.0 = Debug|Any CPU
		{34500891-4DD7-4B51-8BB1-17E583040B6B}.Release|Any CPU.ActiveCfg = Release|Any CPU
		{34500891-4DD7-4B51-8BB1-17E583040B6B}.Release|Any CPU.Build.0 = Release|Any CPU
	EndGlobalSection
	GlobalSection(SolutionProperties) = preSolution
		HideSolutionNode = FALSE
	EndGlobalSection
	GlobalSection(ExtensibilityGlobals) = postSolution
		EnterpriseLibraryConfigurationToolBinariesPath = packages\Unity.2.1.505.0\lib\NET35;packages\Unity.Interception.2.1.505.0\lib\NET35;packages\EnterpriseLibrary.Common.5.0.505.0\lib\NET35;packages\EnterpriseLibrary.Security.Cryptography.5.0.505.0\lib\NET35
	EndGlobalSection
EndGlobal
